
Microsoft Visual Studio Solution File, Format Version 12.00
# Visual Studio 15
VisualStudioVersion = 15.0.26403.3
MinimumVisualStudioVersion = 10.0.40219.1
Project("{FAE04EC0-301F-11D3-BF4B-00C04F79EFBC}") = "Denna", "Denna\Denna.csproj", "{D70D96EC-83F7-4421-B2A3-8F6763E1D07E}"
EndProject
Project("{2150E333-8FDC-42A3-9474-1A3956D46DE8}") = "Services", "Services", "{867533D6-40AA-4B0A-9731-5FEFB105186A}"
EndProject
Project("{FAE04EC0-301F-11D3-BF4B-00C04F79EFBC}") = "Core", "Core\Core.csproj", "{10BA8BB2-60F4-414A-ABBC-6063DE8D60D6}"
EndProject
Project("{FAE04EC0-301F-11D3-BF4B-00C04F79EFBC}") = "Denna.Services.Background", "Denna.Services.Background\Denna.Services.Background.csproj", "{E88D802F-1EE6-4B9D-805E-159E2E273549}"
EndProject
Project("{FAE04EC0-301F-11D3-BF4B-00C04F79EFBC}") = "Denna.Services.Cortana", "Denna.Services.Cortana\Denna.Services.Cortana.csproj", "{D6996404-9343-494A-800A-A8A78FF3DB76}"
EndProject
Global
	GlobalSection(SolutionConfigurationPlatforms) = preSolution
		Debug|Any CPU = Debug|Any CPU
		Debug|ARM = Debug|ARM
		Debug|x64 = Debug|x64
		Debug|x86 = Debug|x86
		Release|Any CPU = Release|Any CPU
		Release|ARM = Release|ARM
		Release|x64 = Release|x64
		Release|x86 = Release|x86
	EndGlobalSection
	GlobalSection(ProjectConfigurationPlatforms) = postSolution
		{D70D96EC-83F7-4421-B2A3-8F6763E1D07E}.Debug|Any CPU.ActiveCfg = Debug|x86
		{D70D96EC-83F7-4421-B2A3-8F6763E1D07E}.Debug|ARM.ActiveCfg = Debug|ARM
		{D70D96EC-83F7-4421-B2A3-8F6763E1D07E}.Debug|ARM.Build.0 = Debug|ARM
		{D70D96EC-83F7-4421-B2A3-8F6763E1D07E}.Debug|ARM.Deploy.0 = Debug|ARM
		{D70D96EC-83F7-4421-B2A3-8F6763E1D07E}.Debug|x64.ActiveCfg = Debug|x64
		{D70D96EC-83F7-4421-B2A3-8F6763E1D07E}.Debug|x64.Build.0 = Debug|x64
		{D70D96EC-83F7-4421-B2A3-8F6763E1D07E}.Debug|x64.Deploy.0 = Debug|x64
		{D70D96EC-83F7-4421-B2A3-8F6763E1D07E}.Debug|x86.ActiveCfg = Debug|x86
		{D70D96EC-83F7-4421-B2A3-8F6763E1D07E}.Debug|x86.Build.0 = Debug|x86
		{D70D96EC-83F7-4421-B2A3-8F6763E1D07E}.Debug|x86.Deploy.0 = Debug|x86
		{D70D96EC-83F7-4421-B2A3-8F6763E1D07E}.Release|Any CPU.ActiveCfg = Release|x86
		{D70D96EC-83F7-4421-B2A3-8F6763E1D07E}.Release|ARM.ActiveCfg = Release|ARM
		{D70D96EC-83F7-4421-B2A3-8F6763E1D07E}.Release|ARM.Build.0 = Release|ARM
		{D70D96EC-83F7-4421-B2A3-8F6763E1D07E}.Release|ARM.Deploy.0 = Release|ARM
		{D70D96EC-83F7-4421-B2A3-8F6763E1D07E}.Release|x64.ActiveCfg = Release|x64
		{D70D96EC-83F7-4421-B2A3-8F6763E1D07E}.Release|x64.Build.0 = Release|x64
		{D70D96EC-83F7-4421-B2A3-8F6763E1D07E}.Release|x64.Deploy.0 = Release|x64
		{D70D96EC-83F7-4421-B2A3-8F6763E1D07E}.Release|x86.ActiveCfg = Release|x86
		{D70D96EC-83F7-4421-B2A3-8F6763E1D07E}.Release|x86.Build.0 = Release|x86
		{D70D96EC-83F7-4421-B2A3-8F6763E1D07E}.Release|x86.Deploy.0 = Release|x86
		{10BA8BB2-60F4-414A-ABBC-6063DE8D60D6}.Debug|Any CPU.ActiveCfg = Debug|Any CPU
		{10BA8BB2-60F4-414A-ABBC-6063DE8D60D6}.Debug|Any CPU.Build.0 = Debug|Any CPU
		{10BA8BB2-60F4-414A-ABBC-6063DE8D60D6}.Debug|ARM.ActiveCfg = Debug|ARM
		{10BA8BB2-60F4-414A-ABBC-6063DE8D60D6}.Debug|ARM.Build.0 = Debug|ARM
		{10BA8BB2-60F4-414A-ABBC-6063DE8D60D6}.Debug|x64.ActiveCfg = Debug|x64
		{10BA8BB2-60F4-414A-ABBC-6063DE8D60D6}.Debug|x64.Build.0 = Debug|x64
		{10BA8BB2-60F4-414A-ABBC-6063DE8D60D6}.Debug|x86.ActiveCfg = Debug|x86
		{10BA8BB2-60F4-414A-ABBC-6063DE8D60D6}.Debug|x86.Build.0 = Debug|x86
		{10BA8BB2-60F4-414A-ABBC-6063DE8D60D6}.Release|Any CPU.ActiveCfg = Release|Any CPU
		{10BA8BB2-60F4-414A-ABBC-6063DE8D60D6}.Release|Any CPU.Build.0 = Release|Any CPU
		{10BA8BB2-60F4-414A-ABBC-6063DE8D60D6}.Release|ARM.ActiveCfg = Release|ARM
		{10BA8BB2-60F4-414A-ABBC-6063DE8D60D6}.Release|ARM.Build.0 = Release|ARM
		{10BA8BB2-60F4-414A-ABBC-6063DE8D60D6}.Release|x64.ActiveCfg = Release|x64
		{10BA8BB2-60F4-414A-ABBC-6063DE8D60D6}.Release|x64.Build.0 = Release|x64
		{10BA8BB2-60F4-414A-ABBC-6063DE8D60D6}.Release|x86.ActiveCfg = Release|x86
		{10BA8BB2-60F4-414A-ABBC-6063DE8D60D6}.Release|x86.Build.0 = Release|x86
		{E88D802F-1EE6-4B9D-805E-159E2E273549}.Debug|Any CPU.ActiveCfg = Debug|Any CPU
		{E88D802F-1EE6-4B9D-805E-159E2E273549}.Debug|Any CPU.Build.0 = Debug|Any CPU
		{E88D802F-1EE6-4B9D-805E-159E2E273549}.Debug|ARM.ActiveCfg = Debug|ARM
		{E88D802F-1EE6-4B9D-805E-159E2E273549}.Debug|ARM.Build.0 = Debug|ARM
		{E88D802F-1EE6-4B9D-805E-159E2E273549}.Debug|x64.ActiveCfg = Debug|x64
		{E88D802F-1EE6-4B9D-805E-159E2E273549}.Debug|x64.Build.0 = Debug|x64
		{E88D802F-1EE6-4B9D-805E-159E2E273549}.Debug|x86.ActiveCfg = Debug|x86
		{E88D802F-1EE6-4B9D-805E-159E2E273549}.Debug|x86.Build.0 = Debug|x86
		{E88D802F-1EE6-4B9D-805E-159E2E273549}.Release|Any CPU.ActiveCfg = Release|Any CPU
		{E88D802F-1EE6-4B9D-805E-159E2E273549}.Release|Any CPU.Build.0 = Release|Any CPU
		{E88D802F-1EE6-4B9D-805E-159E2E273549}.Release|ARM.ActiveCfg = Release|ARM
		{E88D802F-1EE6-4B9D-805E-159E2E273549}.Release|ARM.Build.0 = Release|ARM
		{E88D802F-1EE6-4B9D-805E-159E2E273549}.Release|x64.ActiveCfg = Release|x64
		{E88D802F-1EE6-4B9D-805E-159E2E273549}.Release|x64.Build.0 = Release|x64
		{E88D802F-1EE6-4B9D-805E-159E2E273549}.Release|x86.ActiveCfg = Release|x86
		{E88D802F-1EE6-4B9D-805E-159E2E273549}.Release|x86.Build.0 = Release|x86
		{D6996404-9343-494A-800A-A8A78FF3DB76}.Debug|Any CPU.ActiveCfg = Debug|Any CPU
		{D6996404-9343-494A-800A-A8A78FF3DB76}.Debug|Any CPU.Build.0 = Debug|Any CPU
		{D6996404-9343-494A-800A-A8A78FF3DB76}.Debug|ARM.ActiveCfg = Debug|ARM
		{D6996404-9343-494A-800A-A8A78FF3DB76}.Debug|ARM.Build.0 = Debug|ARM
		{D6996404-9343-494A-800A-A8A78FF3DB76}.Debug|x64.ActiveCfg = Debug|x64
		{D6996404-9343-494A-800A-A8A78FF3DB76}.Debug|x64.Build.0 = Debug|x64
		{D6996404-9343-494A-800A-A8A78FF3DB76}.Debug|x86.ActiveCfg = Debug|x86
		{D6996404-9343-494A-800A-A8A78FF3DB76}.Debug|x86.Build.0 = Debug|x86
		{D6996404-9343-494A-800A-A8A78FF3DB76}.Release|Any CPU.ActiveCfg = Release|Any CPU
		{D6996404-9343-494A-800A-A8A78FF3DB76}.Release|Any CPU.Build.0 = Release|Any CPU
		{D6996404-9343-494A-800A-A8A78FF3DB76}.Release|ARM.ActiveCfg = Release|ARM
		{D6996404-9343-494A-800A-A8A78FF3DB76}.Release|ARM.Build.0 = Release|ARM
		{D6996404-9343-494A-800A-A8A78FF3DB76}.Release|x64.ActiveCfg = Release|x64
		{D6996404-9343-494A-800A-A8A78FF3DB76}.Release|x64.Build.0 = Release|x64
		{D6996404-9343-494A-800A-A8A78FF3DB76}.Release|x86.ActiveCfg = Release|x86
		{D6996404-9343-494A-800A-A8A78FF3DB76}.Release|x86.Build.0 = Release|x86
	EndGlobalSection
	GlobalSection(SolutionProperties) = preSolution
		HideSolutionNode = FALSE
	EndGlobalSection
	GlobalSection(NestedProjects) = preSolution
		{E88D802F-1EE6-4B9D-805E-159E2E273549} = {867533D6-40AA-4B0A-9731-5FEFB105186A}
		{D6996404-9343-494A-800A-A8A78FF3DB76} = {867533D6-40AA-4B0A-9731-5FEFB105186A}
	EndGlobalSection
	GlobalSection(ExtensibilityGlobals) = postSolution
		SolutionGuid = {0A99F6B6-92DA-4EB7-B4B2-10CCA25D2D38}
	EndGlobalSection
EndGlobal
